// !$*UTF8*$!
{
	archiveVersion = 1;
	classes = {
	};
	objectVersion = 56;
	objects = {

/* Begin PBXBuildFile section */
		883ECBD32CC94E130093D930 /* ReusableProtocol.swift in Sources */ = {isa = PBXBuildFile; fileRef = 883ECBD22CC94E130093D930 /* ReusableProtocol.swift */; };
		883ECBD52CC94E8E0093D930 /* WeatherMainCell.swift in Sources */ = {isa = PBXBuildFile; fileRef = 883ECBD42CC94E8E0093D930 /* WeatherMainCell.swift */; };
		883ECBD72CC94FA30093D930 /* MainWeather.swift in Sources */ = {isa = PBXBuildFile; fileRef = 883ECBD62CC94FA30093D930 /* MainWeather.swift */; };
		883ECBD92CC951CC0093D930 /* HourWeatherCell.swift in Sources */ = {isa = PBXBuildFile; fileRef = 883ECBD82CC951CC0093D930 /* HourWeatherCell.swift */; };
		883ECBDB2CC954B90093D930 /* WeekWeatherCell.swift in Sources */ = {isa = PBXBuildFile; fileRef = 883ECBDA2CC954B90093D930 /* WeekWeatherCell.swift */; };
		883ECBDD2CC9559A0093D930 /* WeatherMapCell.swift in Sources */ = {isa = PBXBuildFile; fileRef = 883ECBDC2CC9559A0093D930 /* WeatherMapCell.swift */; };
		883ECBDF2CC955CF0093D930 /* WeatherDetailCell.swift in Sources */ = {isa = PBXBuildFile; fileRef = 883ECBDE2CC955CF0093D930 /* WeatherDetailCell.swift */; };
		884021A62CC9E29600155DE8 /* WeatherHeaderView.swift in Sources */ = {isa = PBXBuildFile; fileRef = 884021A52CC9E29600155DE8 /* WeatherHeaderView.swift */; };
		884021A82CC9EAE900155DE8 /* WeatherSectionModel.swift in Sources */ = {isa = PBXBuildFile; fileRef = 884021A72CC9EAE900155DE8 /* WeatherSectionModel.swift */; };
		884021AB2CC9EB1100155DE8 /* RxDataSources in Frameworks */ = {isa = PBXBuildFile; productRef = 884021AA2CC9EB1100155DE8 /* RxDataSources */; };
		884021AD2CC9EF1600155DE8 /* MapWeather.swift in Sources */ = {isa = PBXBuildFile; fileRef = 884021AC2CC9EF1600155DE8 /* MapWeather.swift */; };
		884021B12CCA23BC00155DE8 /* Date+.swift in Sources */ = {isa = PBXBuildFile; fileRef = 884021B02CCA23BC00155DE8 /* Date+.swift */; };
		884021B42CCA27B600155DE8 /* DateFormatterManager.swift in Sources */ = {isa = PBXBuildFile; fileRef = 884021B32CCA27B600155DE8 /* DateFormatterManager.swift */; };
		887A61BA2CC9254D006EAEED /* CitySearchViewController.swift in Sources */ = {isa = PBXBuildFile; fileRef = 887A61B92CC9254D006EAEED /* CitySearchViewController.swift */; };
		889EEAE62CCA536800688A65 /* Constant.swift in Sources */ = {isa = PBXBuildFile; fileRef = 889EEAE52CCA536800688A65 /* Constant.swift */; };
		889EEAE82CCA594900688A65 /* WeatherBackgroundView.swift in Sources */ = {isa = PBXBuildFile; fileRef = 889EEAE72CCA594900688A65 /* WeatherBackgroundView.swift */; };
		88A398982CC8B25500EFED0D /* AppDelegate.swift in Sources */ = {isa = PBXBuildFile; fileRef = 88A398972CC8B25500EFED0D /* AppDelegate.swift */; };
		88A3989A2CC8B25500EFED0D /* SceneDelegate.swift in Sources */ = {isa = PBXBuildFile; fileRef = 88A398992CC8B25500EFED0D /* SceneDelegate.swift */; };
		88A3989C2CC8B25500EFED0D /* WeatherViewController.swift in Sources */ = {isa = PBXBuildFile; fileRef = 88A3989B2CC8B25500EFED0D /* WeatherViewController.swift */; };
		88A398A12CC8B25600EFED0D /* Assets.xcassets in Resources */ = {isa = PBXBuildFile; fileRef = 88A398A02CC8B25600EFED0D /* Assets.xcassets */; };
		88A398A42CC8B25600EFED0D /* Base in Resources */ = {isa = PBXBuildFile; fileRef = 88A398A32CC8B25600EFED0D /* Base */; };
		88A398AE2CC8E23100EFED0D /* .gitignore in Resources */ = {isa = PBXBuildFile; fileRef = 88A398AD2CC8E23100EFED0D /* .gitignore */; };
		88A398BA2CC8E58200EFED0D /* APIKey.swift in Sources */ = {isa = PBXBuildFile; fileRef = 88A398B92CC8E58200EFED0D /* APIKey.swift */; };
		88A398BF2CC8E7F200EFED0D /* Alamofire in Frameworks */ = {isa = PBXBuildFile; productRef = 88A398BE2CC8E7F200EFED0D /* Alamofire */; };
		88A398C72CC8E80C00EFED0D /* SnapKit in Frameworks */ = {isa = PBXBuildFile; productRef = 88A398C62CC8E80C00EFED0D /* SnapKit */; };
		88A398CD2CC8EC8C00EFED0D /* WeatherResult.swift in Sources */ = {isa = PBXBuildFile; fileRef = 88A398CC2CC8EC8C00EFED0D /* WeatherResult.swift */; };
		88A398D22CC8F27700EFED0D /* NetworkManager.swift in Sources */ = {isa = PBXBuildFile; fileRef = 88A398D12CC8F27700EFED0D /* NetworkManager.swift */; };
		88A398D72CC90D2200EFED0D /* RxCocoa in Frameworks */ = {isa = PBXBuildFile; productRef = 88A398D62CC90D2200EFED0D /* RxCocoa */; };
		88A398D92CC90D2200EFED0D /* RxSwift in Frameworks */ = {isa = PBXBuildFile; productRef = 88A398D82CC90D2200EFED0D /* RxSwift */; };
		88A398DB2CC90E6600EFED0D /* BaseViewModel.swift in Sources */ = {isa = PBXBuildFile; fileRef = 88A398DA2CC90E6600EFED0D /* BaseViewModel.swift */; };
		88A398DD2CC90F5D00EFED0D /* WeatherViewModel.swift in Sources */ = {isa = PBXBuildFile; fileRef = 88A398DC2CC90F5D00EFED0D /* WeatherViewModel.swift */; };
		88A398E42CC9154100EFED0D /* HourWeather.swift in Sources */ = {isa = PBXBuildFile; fileRef = 88A398E32CC9154100EFED0D /* HourWeather.swift */; };
		88A398E62CC9156500EFED0D /* WeekWeather.swift in Sources */ = {isa = PBXBuildFile; fileRef = 88A398E52CC9156500EFED0D /* WeekWeather.swift */; };
		88A398E82CC919B500EFED0D /* DetailWeather.swift in Sources */ = {isa = PBXBuildFile; fileRef = 88A398E72CC919B500EFED0D /* DetailWeather.swift */; };
		88A398EA2CC91B5B00EFED0D /* BaseViewController.swift in Sources */ = {isa = PBXBuildFile; fileRef = 88A398E92CC91B5B00EFED0D /* BaseViewController.swift */; };
		88A398EC2CC91B9000EFED0D /* BaseView.swift in Sources */ = {isa = PBXBuildFile; fileRef = 88A398EB2CC91B9000EFED0D /* BaseView.swift */; };
		88A398EE2CC91BDF00EFED0D /* BaseCollectionViewCell.swift in Sources */ = {isa = PBXBuildFile; fileRef = 88A398ED2CC91BDF00EFED0D /* BaseCollectionViewCell.swift */; };
		88C0E37E2CCB6B320016397C /* reduced_citylist.json in Resources */ = {isa = PBXBuildFile; fileRef = 88C0E37D2CCB6B320016397C /* reduced_citylist.json */; };
		88C0E3802CCB6C0D0016397C /* JsonParseManager.swift in Sources */ = {isa = PBXBuildFile; fileRef = 88C0E37F2CCB6C0D0016397C /* JsonParseManager.swift */; };
		88C0E3822CCB7B7B0016397C /* CitySearchViewModel.swift in Sources */ = {isa = PBXBuildFile; fileRef = 88C0E3812CCB7B7B0016397C /* CitySearchViewModel.swift */; };
		88C0E3872CCB7F360016397C /* CityResult.swift in Sources */ = {isa = PBXBuildFile; fileRef = 88C0E3862CCB7F360016397C /* CityResult.swift */; };
		88C0E3892CCB85230016397C /* RecentSearchCell.swift in Sources */ = {isa = PBXBuildFile; fileRef = 88C0E3882CCB85230016397C /* RecentSearchCell.swift */; };
		88C0E38B2CCB8D9D0016397C /* SearchSectionModel.swift in Sources */ = {isa = PBXBuildFile; fileRef = 88C0E38A2CCB8D9D0016397C /* SearchSectionModel.swift */; };
		88C0E38D2CCB8F770016397C /* CitySearchCell.swift in Sources */ = {isa = PBXBuildFile; fileRef = 88C0E38C2CCB8F770016397C /* CitySearchCell.swift */; };
		88C0E38F2CCBB6E10016397C /* SeperatorView.swift in Sources */ = {isa = PBXBuildFile; fileRef = 88C0E38E2CCBB6E10016397C /* SeperatorView.swift */; };
		88C0E3912CCC03A70016397C /* UILabel+.swift in Sources */ = {isa = PBXBuildFile; fileRef = 88C0E3902CCC03A70016397C /* UILabel+.swift */; };
		88C0E3932CCC07AB0016397C /* BaseReusableView.swift in Sources */ = {isa = PBXBuildFile; fileRef = 88C0E3922CCC07AB0016397C /* BaseReusableView.swift */; };
		88D1101D2CCA7E7A00DFC703 /* Double+.swift in Sources */ = {isa = PBXBuildFile; fileRef = 88D1101C2CCA7E7A00DFC703 /* Double+.swift */; };
/* End PBXBuildFile section */

/* Begin PBXFileReference section */
		883ECBD22CC94E130093D930 /* ReusableProtocol.swift */ = {isa = PBXFileReference; lastKnownFileType = sourcecode.swift; path = ReusableProtocol.swift; sourceTree = "<group>"; };
		883ECBD42CC94E8E0093D930 /* WeatherMainCell.swift */ = {isa = PBXFileReference; lastKnownFileType = sourcecode.swift; path = WeatherMainCell.swift; sourceTree = "<group>"; };
		883ECBD62CC94FA30093D930 /* MainWeather.swift */ = {isa = PBXFileReference; lastKnownFileType = sourcecode.swift; path = MainWeather.swift; sourceTree = "<group>"; };
		883ECBD82CC951CC0093D930 /* HourWeatherCell.swift */ = {isa = PBXFileReference; lastKnownFileType = sourcecode.swift; path = HourWeatherCell.swift; sourceTree = "<group>"; };
		883ECBDA2CC954B90093D930 /* WeekWeatherCell.swift */ = {isa = PBXFileReference; lastKnownFileType = sourcecode.swift; path = WeekWeatherCell.swift; sourceTree = "<group>"; };
		883ECBDC2CC9559A0093D930 /* WeatherMapCell.swift */ = {isa = PBXFileReference; lastKnownFileType = sourcecode.swift; path = WeatherMapCell.swift; sourceTree = "<group>"; };
		883ECBDE2CC955CF0093D930 /* WeatherDetailCell.swift */ = {isa = PBXFileReference; lastKnownFileType = sourcecode.swift; path = WeatherDetailCell.swift; sourceTree = "<group>"; };
		884021A52CC9E29600155DE8 /* WeatherHeaderView.swift */ = {isa = PBXFileReference; lastKnownFileType = sourcecode.swift; path = WeatherHeaderView.swift; sourceTree = "<group>"; };
		884021A72CC9EAE900155DE8 /* WeatherSectionModel.swift */ = {isa = PBXFileReference; lastKnownFileType = sourcecode.swift; path = WeatherSectionModel.swift; sourceTree = "<group>"; };
		884021AC2CC9EF1600155DE8 /* MapWeather.swift */ = {isa = PBXFileReference; lastKnownFileType = sourcecode.swift; path = MapWeather.swift; sourceTree = "<group>"; };
		884021B02CCA23BC00155DE8 /* Date+.swift */ = {isa = PBXFileReference; lastKnownFileType = sourcecode.swift; path = "Date+.swift"; sourceTree = "<group>"; };
		884021B32CCA27B600155DE8 /* DateFormatterManager.swift */ = {isa = PBXFileReference; lastKnownFileType = sourcecode.swift; path = DateFormatterManager.swift; sourceTree = "<group>"; };
		887A61B92CC9254D006EAEED /* CitySearchViewController.swift */ = {isa = PBXFileReference; lastKnownFileType = sourcecode.swift; path = CitySearchViewController.swift; sourceTree = "<group>"; };
		889EEAE52CCA536800688A65 /* Constant.swift */ = {isa = PBXFileReference; lastKnownFileType = sourcecode.swift; path = Constant.swift; sourceTree = "<group>"; };
		889EEAE72CCA594900688A65 /* WeatherBackgroundView.swift */ = {isa = PBXFileReference; lastKnownFileType = sourcecode.swift; path = WeatherBackgroundView.swift; sourceTree = "<group>"; };
		88A398942CC8B25500EFED0D /* Weather.app */ = {isa = PBXFileReference; explicitFileType = wrapper.application; includeInIndex = 0; path = Weather.app; sourceTree = BUILT_PRODUCTS_DIR; };
		88A398972CC8B25500EFED0D /* AppDelegate.swift */ = {isa = PBXFileReference; lastKnownFileType = sourcecode.swift; path = AppDelegate.swift; sourceTree = "<group>"; };
		88A398992CC8B25500EFED0D /* SceneDelegate.swift */ = {isa = PBXFileReference; lastKnownFileType = sourcecode.swift; path = SceneDelegate.swift; sourceTree = "<group>"; };
		88A3989B2CC8B25500EFED0D /* WeatherViewController.swift */ = {isa = PBXFileReference; lastKnownFileType = sourcecode.swift; path = WeatherViewController.swift; sourceTree = "<group>"; };
		88A398A02CC8B25600EFED0D /* Assets.xcassets */ = {isa = PBXFileReference; lastKnownFileType = folder.assetcatalog; path = Assets.xcassets; sourceTree = "<group>"; };
		88A398A32CC8B25600EFED0D /* Base */ = {isa = PBXFileReference; lastKnownFileType = file.storyboard; name = Base; path = Base.lproj/LaunchScreen.storyboard; sourceTree = "<group>"; };
		88A398A52CC8B25600EFED0D /* Info.plist */ = {isa = PBXFileReference; lastKnownFileType = text.plist.xml; path = Info.plist; sourceTree = "<group>"; };
		88A398AD2CC8E23100EFED0D /* .gitignore */ = {isa = PBXFileReference; lastKnownFileType = text; path = .gitignore; sourceTree = "<group>"; };
		88A398B92CC8E58200EFED0D /* APIKey.swift */ = {isa = PBXFileReference; lastKnownFileType = sourcecode.swift; path = APIKey.swift; sourceTree = "<group>"; };
		88A398CC2CC8EC8C00EFED0D /* WeatherResult.swift */ = {isa = PBXFileReference; lastKnownFileType = sourcecode.swift; path = WeatherResult.swift; sourceTree = "<group>"; };
		88A398D12CC8F27700EFED0D /* NetworkManager.swift */ = {isa = PBXFileReference; lastKnownFileType = sourcecode.swift; path = NetworkManager.swift; sourceTree = "<group>"; };
		88A398DA2CC90E6600EFED0D /* BaseViewModel.swift */ = {isa = PBXFileReference; lastKnownFileType = sourcecode.swift; path = BaseViewModel.swift; sourceTree = "<group>"; };
		88A398DC2CC90F5D00EFED0D /* WeatherViewModel.swift */ = {isa = PBXFileReference; lastKnownFileType = sourcecode.swift; path = WeatherViewModel.swift; sourceTree = "<group>"; };
		88A398E32CC9154100EFED0D /* HourWeather.swift */ = {isa = PBXFileReference; lastKnownFileType = sourcecode.swift; path = HourWeather.swift; sourceTree = "<group>"; };
		88A398E52CC9156500EFED0D /* WeekWeather.swift */ = {isa = PBXFileReference; lastKnownFileType = sourcecode.swift; path = WeekWeather.swift; sourceTree = "<group>"; };
		88A398E72CC919B500EFED0D /* DetailWeather.swift */ = {isa = PBXFileReference; lastKnownFileType = sourcecode.swift; path = DetailWeather.swift; sourceTree = "<group>"; };
		88A398E92CC91B5B00EFED0D /* BaseViewController.swift */ = {isa = PBXFileReference; lastKnownFileType = sourcecode.swift; path = BaseViewController.swift; sourceTree = "<group>"; };
		88A398EB2CC91B9000EFED0D /* BaseView.swift */ = {isa = PBXFileReference; lastKnownFileType = sourcecode.swift; path = BaseView.swift; sourceTree = "<group>"; };
		88A398ED2CC91BDF00EFED0D /* BaseCollectionViewCell.swift */ = {isa = PBXFileReference; lastKnownFileType = sourcecode.swift; path = BaseCollectionViewCell.swift; sourceTree = "<group>"; };
		88C0E37D2CCB6B320016397C /* reduced_citylist.json */ = {isa = PBXFileReference; fileEncoding = 4; lastKnownFileType = text.json; path = reduced_citylist.json; sourceTree = "<group>"; };
		88C0E37F2CCB6C0D0016397C /* JsonParseManager.swift */ = {isa = PBXFileReference; lastKnownFileType = sourcecode.swift; path = JsonParseManager.swift; sourceTree = "<group>"; };
		88C0E3812CCB7B7B0016397C /* CitySearchViewModel.swift */ = {isa = PBXFileReference; lastKnownFileType = sourcecode.swift; path = CitySearchViewModel.swift; sourceTree = "<group>"; };
		88C0E3862CCB7F360016397C /* CityResult.swift */ = {isa = PBXFileReference; lastKnownFileType = sourcecode.swift; path = CityResult.swift; sourceTree = "<group>"; };
		88C0E3882CCB85230016397C /* RecentSearchCell.swift */ = {isa = PBXFileReference; lastKnownFileType = sourcecode.swift; path = RecentSearchCell.swift; sourceTree = "<group>"; };
		88C0E38A2CCB8D9D0016397C /* SearchSectionModel.swift */ = {isa = PBXFileReference; lastKnownFileType = sourcecode.swift; path = SearchSectionModel.swift; sourceTree = "<group>"; };
		88C0E38C2CCB8F770016397C /* CitySearchCell.swift */ = {isa = PBXFileReference; lastKnownFileType = sourcecode.swift; path = CitySearchCell.swift; sourceTree = "<group>"; };
		88C0E38E2CCBB6E10016397C /* SeperatorView.swift */ = {isa = PBXFileReference; lastKnownFileType = sourcecode.swift; path = SeperatorView.swift; sourceTree = "<group>"; };
		88C0E3902CCC03A70016397C /* UILabel+.swift */ = {isa = PBXFileReference; lastKnownFileType = sourcecode.swift; path = "UILabel+.swift"; sourceTree = "<group>"; };
		88C0E3922CCC07AB0016397C /* BaseReusableView.swift */ = {isa = PBXFileReference; lastKnownFileType = sourcecode.swift; path = BaseReusableView.swift; sourceTree = "<group>"; };
		88D1101C2CCA7E7A00DFC703 /* Double+.swift */ = {isa = PBXFileReference; lastKnownFileType = sourcecode.swift; path = "Double+.swift"; sourceTree = "<group>"; };
/* End PBXFileReference section */

/* Begin PBXFrameworksBuildPhase section */
		88A398912CC8B25500EFED0D /* Frameworks */ = {
			isa = PBXFrameworksBuildPhase;
			buildActionMask = 2147483647;
			files = (
				88A398D72CC90D2200EFED0D /* RxCocoa in Frameworks */,
				88A398C72CC8E80C00EFED0D /* SnapKit in Frameworks */,
				88A398D92CC90D2200EFED0D /* RxSwift in Frameworks */,
				884021AB2CC9EB1100155DE8 /* RxDataSources in Frameworks */,
				88A398BF2CC8E7F200EFED0D /* Alamofire in Frameworks */,
			);
			runOnlyForDeploymentPostprocessing = 0;
		};
/* End PBXFrameworksBuildPhase section */

/* Begin PBXGroup section */
		883ECBCF2CC94C410093D930 /* Cell */ = {
			isa = PBXGroup;
			children = (
				883ECBD42CC94E8E0093D930 /* WeatherMainCell.swift */,
				883ECBD82CC951CC0093D930 /* HourWeatherCell.swift */,
				883ECBDA2CC954B90093D930 /* WeekWeatherCell.swift */,
				883ECBDC2CC9559A0093D930 /* WeatherMapCell.swift */,
				883ECBDE2CC955CF0093D930 /* WeatherDetailCell.swift */,
				88C0E3882CCB85230016397C /* RecentSearchCell.swift */,
				88C0E38C2CCB8F770016397C /* CitySearchCell.swift */,
			);
			path = Cell;
			sourceTree = "<group>";
		};
		884021B22CCA27AF00155DE8 /* Manager */ = {
			isa = PBXGroup;
			children = (
				884021B32CCA27B600155DE8 /* DateFormatterManager.swift */,
				88C0E37F2CCB6C0D0016397C /* JsonParseManager.swift */,
			);
			path = Manager;
			sourceTree = "<group>";
		};
		889EEAE42CCA535A00688A65 /* Constant */ = {
			isa = PBXGroup;
			children = (
				889EEAE52CCA536800688A65 /* Constant.swift */,
			);
			path = Constant;
			sourceTree = "<group>";
		};
		88A3988B2CC8B25500EFED0D = {
			isa = PBXGroup;
			children = (
				88A398AD2CC8E23100EFED0D /* .gitignore */,
				88A398962CC8B25500EFED0D /* Weather */,
				88A398952CC8B25500EFED0D /* Products */,
			);
			sourceTree = "<group>";
		};
		88A398952CC8B25500EFED0D /* Products */ = {
			isa = PBXGroup;
			children = (
				88A398942CC8B25500EFED0D /* Weather.app */,
			);
			name = Products;
			sourceTree = "<group>";
		};
		88A398962CC8B25500EFED0D /* Weather */ = {
			isa = PBXGroup;
			children = (
				88C0E37C2CCB6B2A0016397C /* Resource */,
				889EEAE42CCA535A00688A65 /* Constant */,
				884021B22CCA27AF00155DE8 /* Manager */,
				883ECBCF2CC94C410093D930 /* Cell */,
				88A398D02CC8F27000EFED0D /* Network */,
				88A398B82CC8E52C00EFED0D /* Application */,
				88A398B52CC8E42000EFED0D /* Model */,
				88A398B42CC8E41A00EFED0D /* Protocol */,
				88A398B32CC8E40F00EFED0D /* Base */,
				88A398B22CC8E33400EFED0D /* CustomView */,
				88A398B12CC8E32A00EFED0D /* Scene */,
				88A398B02CC8E32200EFED0D /* Extension */,
				88A398A02CC8B25600EFED0D /* Assets.xcassets */,
				88A398A22CC8B25600EFED0D /* LaunchScreen.storyboard */,
				88A398A52CC8B25600EFED0D /* Info.plist */,
				88A398B92CC8E58200EFED0D /* APIKey.swift */,
			);
			path = Weather;
			sourceTree = "<group>";
		};
		88A398B02CC8E32200EFED0D /* Extension */ = {
			isa = PBXGroup;
			children = (
				884021B02CCA23BC00155DE8 /* Date+.swift */,
				88D1101C2CCA7E7A00DFC703 /* Double+.swift */,
				88C0E3902CCC03A70016397C /* UILabel+.swift */,
			);
			path = Extension;
			sourceTree = "<group>";
		};
		88A398B12CC8E32A00EFED0D /* Scene */ = {
			isa = PBXGroup;
			children = (
				88A398B72CC8E52100EFED0D /* Search */,
				88A398B62CC8E51800EFED0D /* Weather */,
			);
			path = Scene;
			sourceTree = "<group>";
		};
		88A398B22CC8E33400EFED0D /* CustomView */ = {
			isa = PBXGroup;
			children = (
				884021A52CC9E29600155DE8 /* WeatherHeaderView.swift */,
				889EEAE72CCA594900688A65 /* WeatherBackgroundView.swift */,
				88C0E38E2CCBB6E10016397C /* SeperatorView.swift */,
			);
			path = CustomView;
			sourceTree = "<group>";
		};
		88A398B32CC8E40F00EFED0D /* Base */ = {
			isa = PBXGroup;
			children = (
				88A398E92CC91B5B00EFED0D /* BaseViewController.swift */,
				88A398EB2CC91B9000EFED0D /* BaseView.swift */,
				88A398ED2CC91BDF00EFED0D /* BaseCollectionViewCell.swift */,
				88C0E3922CCC07AB0016397C /* BaseReusableView.swift */,
			);
			path = Base;
			sourceTree = "<group>";
		};
		88A398B42CC8E41A00EFED0D /* Protocol */ = {
			isa = PBXGroup;
			children = (
				88A398DA2CC90E6600EFED0D /* BaseViewModel.swift */,
				883ECBD22CC94E130093D930 /* ReusableProtocol.swift */,
			);
			path = Protocol;
			sourceTree = "<group>";
		};
		88A398B52CC8E42000EFED0D /* Model */ = {
			isa = PBXGroup;
			children = (
				88C0E3852CCB7F0D0016397C /* Parse */,
				88C0E3842CCB7EFB0016397C /* View */,
				88C0E3832CCB7EF20016397C /* Network */,
			);
			path = Model;
			sourceTree = "<group>";
		};
		88A398B62CC8E51800EFED0D /* Weather */ = {
			isa = PBXGroup;
			children = (
				88A3989B2CC8B25500EFED0D /* WeatherViewController.swift */,
				88A398DC2CC90F5D00EFED0D /* WeatherViewModel.swift */,
			);
			path = Weather;
			sourceTree = "<group>";
		};
		88A398B72CC8E52100EFED0D /* Search */ = {
			isa = PBXGroup;
			children = (
				887A61B92CC9254D006EAEED /* CitySearchViewController.swift */,
				88C0E3812CCB7B7B0016397C /* CitySearchViewModel.swift */,
			);
			path = Search;
			sourceTree = "<group>";
		};
		88A398B82CC8E52C00EFED0D /* Application */ = {
			isa = PBXGroup;
			children = (
				88A398972CC8B25500EFED0D /* AppDelegate.swift */,
				88A398992CC8B25500EFED0D /* SceneDelegate.swift */,
			);
			path = Application;
			sourceTree = "<group>";
		};
		88A398D02CC8F27000EFED0D /* Network */ = {
			isa = PBXGroup;
			children = (
				88A398D12CC8F27700EFED0D /* NetworkManager.swift */,
			);
			path = Network;
			sourceTree = "<group>";
		};
		88C0E37C2CCB6B2A0016397C /* Resource */ = {
			isa = PBXGroup;
			children = (
				88C0E37D2CCB6B320016397C /* reduced_citylist.json */,
			);
			path = Resource;
			sourceTree = "<group>";
		};
		88C0E3832CCB7EF20016397C /* Network */ = {
			isa = PBXGroup;
			children = (
				88A398CC2CC8EC8C00EFED0D /* WeatherResult.swift */,
			);
			path = Network;
			sourceTree = "<group>";
		};
		88C0E3842CCB7EFB0016397C /* View */ = {
			isa = PBXGroup;
			children = (
				884021A72CC9EAE900155DE8 /* WeatherSectionModel.swift */,
				88C0E38A2CCB8D9D0016397C /* SearchSectionModel.swift */,
				88A398E72CC919B500EFED0D /* DetailWeather.swift */,
				88A398E32CC9154100EFED0D /* HourWeather.swift */,
				884021AC2CC9EF1600155DE8 /* MapWeather.swift */,
				88A398E52CC9156500EFED0D /* WeekWeather.swift */,
				883ECBD62CC94FA30093D930 /* MainWeather.swift */,
			);
			path = View;
			sourceTree = "<group>";
		};
		88C0E3852CCB7F0D0016397C /* Parse */ = {
			isa = PBXGroup;
			children = (
				88C0E3862CCB7F360016397C /* CityResult.swift */,
			);
			path = Parse;
			sourceTree = "<group>";
		};
/* End PBXGroup section */

/* Begin PBXNativeTarget section */
		88A398932CC8B25500EFED0D /* Weather */ = {
			isa = PBXNativeTarget;
			buildConfigurationList = 88A398A82CC8B25600EFED0D /* Build configuration list for PBXNativeTarget "Weather" */;
			buildPhases = (
				88A398902CC8B25500EFED0D /* Sources */,
				88A398912CC8B25500EFED0D /* Frameworks */,
				88A398922CC8B25500EFED0D /* Resources */,
			);
			buildRules = (
			);
			dependencies = (
			);
			name = Weather;
			packageProductDependencies = (
				88A398BE2CC8E7F200EFED0D /* Alamofire */,
				88A398C62CC8E80C00EFED0D /* SnapKit */,
				88A398D62CC90D2200EFED0D /* RxCocoa */,
				88A398D82CC90D2200EFED0D /* RxSwift */,
				884021AA2CC9EB1100155DE8 /* RxDataSources */,
			);
			productName = Weather;
			productReference = 88A398942CC8B25500EFED0D /* Weather.app */;
			productType = "com.apple.product-type.application";
		};
/* End PBXNativeTarget section */

/* Begin PBXProject section */
		88A3988C2CC8B25500EFED0D /* Project object */ = {
			isa = PBXProject;
			attributes = {
				BuildIndependentTargetsInParallel = 1;
				LastSwiftUpdateCheck = 1540;
				LastUpgradeCheck = 1540;
				TargetAttributes = {
					88A398932CC8B25500EFED0D = {
						CreatedOnToolsVersion = 15.4;
					};
				};
			};
			buildConfigurationList = 88A3988F2CC8B25500EFED0D /* Build configuration list for PBXProject "Weather" */;
			compatibilityVersion = "Xcode 14.0";
			developmentRegion = en;
			hasScannedForEncodings = 0;
			knownRegions = (
				en,
				Base,
			);
			mainGroup = 88A3988B2CC8B25500EFED0D;
			packageReferences = (
				88A398BD2CC8E7F200EFED0D /* XCRemoteSwiftPackageReference "Alamofire" */,
				88A398C52CC8E80C00EFED0D /* XCRemoteSwiftPackageReference "SnapKit" */,
				88A398D52CC90D2200EFED0D /* XCRemoteSwiftPackageReference "RxSwift" */,
				884021A92CC9EB1100155DE8 /* XCRemoteSwiftPackageReference "RxDataSources" */,
			);
			productRefGroup = 88A398952CC8B25500EFED0D /* Products */;
			projectDirPath = "";
			projectRoot = "";
			targets = (
				88A398932CC8B25500EFED0D /* Weather */,
			);
		};
/* End PBXProject section */

/* Begin PBXResourcesBuildPhase section */
		88A398922CC8B25500EFED0D /* Resources */ = {
			isa = PBXResourcesBuildPhase;
			buildActionMask = 2147483647;
			files = (
				88A398A12CC8B25600EFED0D /* Assets.xcassets in Resources */,
				88C0E37E2CCB6B320016397C /* reduced_citylist.json in Resources */,
				88A398AE2CC8E23100EFED0D /* .gitignore in Resources */,
				88A398A42CC8B25600EFED0D /* Base in Resources */,
			);
			runOnlyForDeploymentPostprocessing = 0;
		};
/* End PBXResourcesBuildPhase section */

/* Begin PBXSourcesBuildPhase section */
		88A398902CC8B25500EFED0D /* Sources */ = {
			isa = PBXSourcesBuildPhase;
			buildActionMask = 2147483647;
			files = (
				884021AD2CC9EF1600155DE8 /* MapWeather.swift in Sources */,
				883ECBD52CC94E8E0093D930 /* WeatherMainCell.swift in Sources */,
				883ECBD72CC94FA30093D930 /* MainWeather.swift in Sources */,
				88A398D22CC8F27700EFED0D /* NetworkManager.swift in Sources */,
				88D1101D2CCA7E7A00DFC703 /* Double+.swift in Sources */,
				88A398EE2CC91BDF00EFED0D /* BaseCollectionViewCell.swift in Sources */,
				88A398EC2CC91B9000EFED0D /* BaseView.swift in Sources */,
				889EEAE82CCA594900688A65 /* WeatherBackgroundView.swift in Sources */,
				883ECBDD2CC9559A0093D930 /* WeatherMapCell.swift in Sources */,
				88A3989C2CC8B25500EFED0D /* WeatherViewController.swift in Sources */,
				88C0E38D2CCB8F770016397C /* CitySearchCell.swift in Sources */,
				88A398982CC8B25500EFED0D /* AppDelegate.swift in Sources */,
				88A398DB2CC90E6600EFED0D /* BaseViewModel.swift in Sources */,
				883ECBD32CC94E130093D930 /* ReusableProtocol.swift in Sources */,
				887A61BA2CC9254D006EAEED /* CitySearchViewController.swift in Sources */,
				88A398E62CC9156500EFED0D /* WeekWeather.swift in Sources */,
				88C0E3822CCB7B7B0016397C /* CitySearchViewModel.swift in Sources */,
				88C0E38B2CCB8D9D0016397C /* SearchSectionModel.swift in Sources */,
				884021B12CCA23BC00155DE8 /* Date+.swift in Sources */,
				88C0E3872CCB7F360016397C /* CityResult.swift in Sources */,
				88C0E3892CCB85230016397C /* RecentSearchCell.swift in Sources */,
				88A398EA2CC91B5B00EFED0D /* BaseViewController.swift in Sources */,
				883ECBDB2CC954B90093D930 /* WeekWeatherCell.swift in Sources */,
				88C0E3802CCB6C0D0016397C /* JsonParseManager.swift in Sources */,
				88C0E3912CCC03A70016397C /* UILabel+.swift in Sources */,
				884021A62CC9E29600155DE8 /* WeatherHeaderView.swift in Sources */,
				88A398CD2CC8EC8C00EFED0D /* WeatherResult.swift in Sources */,
				88A398DD2CC90F5D00EFED0D /* WeatherViewModel.swift in Sources */,
				884021B42CCA27B600155DE8 /* DateFormatterManager.swift in Sources */,
				88A398E82CC919B500EFED0D /* DetailWeather.swift in Sources */,
				88C0E38F2CCBB6E10016397C /* SeperatorView.swift in Sources */,
				884021A82CC9EAE900155DE8 /* WeatherSectionModel.swift in Sources */,
				88A398BA2CC8E58200EFED0D /* APIKey.swift in Sources */,
				88C0E3932CCC07AB0016397C /* BaseReusableView.swift in Sources */,
				88A3989A2CC8B25500EFED0D /* SceneDelegate.swift in Sources */,
				88A398E42CC9154100EFED0D /* HourWeather.swift in Sources */,
				883ECBD92CC951CC0093D930 /* HourWeatherCell.swift in Sources */,
				889EEAE62CCA536800688A65 /* Constant.swift in Sources */,
				883ECBDF2CC955CF0093D930 /* WeatherDetailCell.swift in Sources */,
			);
			runOnlyForDeploymentPostprocessing = 0;
		};
/* End PBXSourcesBuildPhase section */

/* Begin PBXVariantGroup section */
		88A398A22CC8B25600EFED0D /* LaunchScreen.storyboard */ = {
			isa = PBXVariantGroup;
			children = (
				88A398A32CC8B25600EFED0D /* Base */,
			);
			name = LaunchScreen.storyboard;
			sourceTree = "<group>";
		};
/* End PBXVariantGroup section */

/* Begin XCBuildConfiguration section */
		88A398A62CC8B25600EFED0D /* Debug */ = {
			isa = XCBuildConfiguration;
			buildSettings = {
				ALWAYS_SEARCH_USER_PATHS = NO;
				ASSETCATALOG_COMPILER_GENERATE_SWIFT_ASSET_SYMBOL_EXTENSIONS = YES;
				CLANG_ANALYZER_NONNULL = YES;
				CLANG_ANALYZER_NUMBER_OBJECT_CONVERSION = YES_AGGRESSIVE;
				CLANG_CXX_LANGUAGE_STANDARD = "gnu++20";
				CLANG_ENABLE_MODULES = YES;
				CLANG_ENABLE_OBJC_ARC = YES;
				CLANG_ENABLE_OBJC_WEAK = YES;
				CLANG_WARN_BLOCK_CAPTURE_AUTORELEASING = YES;
				CLANG_WARN_BOOL_CONVERSION = YES;
				CLANG_WARN_COMMA = YES;
				CLANG_WARN_CONSTANT_CONVERSION = YES;
				CLANG_WARN_DEPRECATED_OBJC_IMPLEMENTATIONS = YES;
				CLANG_WARN_DIRECT_OBJC_ISA_USAGE = YES_ERROR;
				CLANG_WARN_DOCUMENTATION_COMMENTS = YES;
				CLANG_WARN_EMPTY_BODY = YES;
				CLANG_WARN_ENUM_CONVERSION = YES;
				CLANG_WARN_INFINITE_RECURSION = YES;
				CLANG_WARN_INT_CONVERSION = YES;
				CLANG_WARN_NON_LITERAL_NULL_CONVERSION = YES;
				CLANG_WARN_OBJC_IMPLICIT_RETAIN_SELF = YES;
				CLANG_WARN_OBJC_LITERAL_CONVERSION = YES;
				CLANG_WARN_OBJC_ROOT_CLASS = YES_ERROR;
				CLANG_WARN_QUOTED_INCLUDE_IN_FRAMEWORK_HEADER = YES;
				CLANG_WARN_RANGE_LOOP_ANALYSIS = YES;
				CLANG_WARN_STRICT_PROTOTYPES = YES;
				CLANG_WARN_SUSPICIOUS_MOVE = YES;
				CLANG_WARN_UNGUARDED_AVAILABILITY = YES_AGGRESSIVE;
				CLANG_WARN_UNREACHABLE_CODE = YES;
				CLANG_WARN__DUPLICATE_METHOD_MATCH = YES;
				COPY_PHASE_STRIP = NO;
				DEBUG_INFORMATION_FORMAT = dwarf;
				ENABLE_STRICT_OBJC_MSGSEND = YES;
				ENABLE_TESTABILITY = YES;
				ENABLE_USER_SCRIPT_SANDBOXING = YES;
				GCC_C_LANGUAGE_STANDARD = gnu17;
				GCC_DYNAMIC_NO_PIC = NO;
				GCC_NO_COMMON_BLOCKS = YES;
				GCC_OPTIMIZATION_LEVEL = 0;
				GCC_PREPROCESSOR_DEFINITIONS = (
					"DEBUG=1",
					"$(inherited)",
				);
				GCC_WARN_64_TO_32_BIT_CONVERSION = YES;
				GCC_WARN_ABOUT_RETURN_TYPE = YES_ERROR;
				GCC_WARN_UNDECLARED_SELECTOR = YES;
				GCC_WARN_UNINITIALIZED_AUTOS = YES_AGGRESSIVE;
				GCC_WARN_UNUSED_FUNCTION = YES;
				GCC_WARN_UNUSED_VARIABLE = YES;
				IPHONEOS_DEPLOYMENT_TARGET = 17.5;
				LOCALIZATION_PREFERS_STRING_CATALOGS = YES;
				MTL_ENABLE_DEBUG_INFO = INCLUDE_SOURCE;
				MTL_FAST_MATH = YES;
				ONLY_ACTIVE_ARCH = YES;
				SDKROOT = iphoneos;
				SWIFT_ACTIVE_COMPILATION_CONDITIONS = "DEBUG $(inherited)";
				SWIFT_OPTIMIZATION_LEVEL = "-Onone";
			};
			name = Debug;
		};
		88A398A72CC8B25600EFED0D /* Release */ = {
			isa = XCBuildConfiguration;
			buildSettings = {
				ALWAYS_SEARCH_USER_PATHS = NO;
				ASSETCATALOG_COMPILER_GENERATE_SWIFT_ASSET_SYMBOL_EXTENSIONS = YES;
				CLANG_ANALYZER_NONNULL = YES;
				CLANG_ANALYZER_NUMBER_OBJECT_CONVERSION = YES_AGGRESSIVE;
				CLANG_CXX_LANGUAGE_STANDARD = "gnu++20";
				CLANG_ENABLE_MODULES = YES;
				CLANG_ENABLE_OBJC_ARC = YES;
				CLANG_ENABLE_OBJC_WEAK = YES;
				CLANG_WARN_BLOCK_CAPTURE_AUTORELEASING = YES;
				CLANG_WARN_BOOL_CONVERSION = YES;
				CLANG_WARN_COMMA = YES;
				CLANG_WARN_CONSTANT_CONVERSION = YES;
				CLANG_WARN_DEPRECATED_OBJC_IMPLEMENTATIONS = YES;
				CLANG_WARN_DIRECT_OBJC_ISA_USAGE = YES_ERROR;
				CLANG_WARN_DOCUMENTATION_COMMENTS = YES;
				CLANG_WARN_EMPTY_BODY = YES;
				CLANG_WARN_ENUM_CONVERSION = YES;
				CLANG_WARN_INFINITE_RECURSION = YES;
				CLANG_WARN_INT_CONVERSION = YES;
				CLANG_WARN_NON_LITERAL_NULL_CONVERSION = YES;
				CLANG_WARN_OBJC_IMPLICIT_RETAIN_SELF = YES;
				CLANG_WARN_OBJC_LITERAL_CONVERSION = YES;
				CLANG_WARN_OBJC_ROOT_CLASS = YES_ERROR;
				CLANG_WARN_QUOTED_INCLUDE_IN_FRAMEWORK_HEADER = YES;
				CLANG_WARN_RANGE_LOOP_ANALYSIS = YES;
				CLANG_WARN_STRICT_PROTOTYPES = YES;
				CLANG_WARN_SUSPICIOUS_MOVE = YES;
				CLANG_WARN_UNGUARDED_AVAILABILITY = YES_AGGRESSIVE;
				CLANG_WARN_UNREACHABLE_CODE = YES;
				CLANG_WARN__DUPLICATE_METHOD_MATCH = YES;
				COPY_PHASE_STRIP = NO;
				DEBUG_INFORMATION_FORMAT = "dwarf-with-dsym";
				ENABLE_NS_ASSERTIONS = NO;
				ENABLE_STRICT_OBJC_MSGSEND = YES;
				ENABLE_USER_SCRIPT_SANDBOXING = YES;
				GCC_C_LANGUAGE_STANDARD = gnu17;
				GCC_NO_COMMON_BLOCKS = YES;
				GCC_WARN_64_TO_32_BIT_CONVERSION = YES;
				GCC_WARN_ABOUT_RETURN_TYPE = YES_ERROR;
				GCC_WARN_UNDECLARED_SELECTOR = YES;
				GCC_WARN_UNINITIALIZED_AUTOS = YES_AGGRESSIVE;
				GCC_WARN_UNUSED_FUNCTION = YES;
				GCC_WARN_UNUSED_VARIABLE = YES;
				IPHONEOS_DEPLOYMENT_TARGET = 17.5;
				LOCALIZATION_PREFERS_STRING_CATALOGS = YES;
				MTL_ENABLE_DEBUG_INFO = NO;
				MTL_FAST_MATH = YES;
				SDKROOT = iphoneos;
				SWIFT_COMPILATION_MODE = wholemodule;
				VALIDATE_PRODUCT = YES;
			};
			name = Release;
		};
		88A398A92CC8B25600EFED0D /* Debug */ = {
			isa = XCBuildConfiguration;
			buildSettings = {
				ASSETCATALOG_COMPILER_APPICON_NAME = AppIcon;
				ASSETCATALOG_COMPILER_GLOBAL_ACCENT_COLOR_NAME = AccentColor;
				CODE_SIGN_STYLE = Automatic;
				CURRENT_PROJECT_VERSION = 1;
				DEVELOPMENT_TEAM = 6ZWU3ZJ8BG;
				GENERATE_INFOPLIST_FILE = YES;
				INFOPLIST_FILE = Weather/Info.plist;
				INFOPLIST_KEY_CFBundleDisplayName = "홍정민";
				INFOPLIST_KEY_UIApplicationSupportsIndirectInputEvents = YES;
				INFOPLIST_KEY_UILaunchStoryboardName = LaunchScreen;
				INFOPLIST_KEY_UISupportedInterfaceOrientations = UIInterfaceOrientationPortrait;
				INFOPLIST_KEY_UISupportedInterfaceOrientations_iPad = UIInterfaceOrientationPortrait;
				IPHONEOS_DEPLOYMENT_TARGET = 16.0;
				LD_RUNPATH_SEARCH_PATHS = (
					"$(inherited)",
					"@executable_path/Frameworks",
				);
				MARKETING_VERSION = 1.0;
				PRODUCT_BUNDLE_IDENTIFIER = com.jm.Weather;
				PRODUCT_NAME = "$(TARGET_NAME)";
				SUPPORTED_PLATFORMS = "iphoneos iphonesimulator";
				SUPPORTS_MACCATALYST = NO;
				SUPPORTS_MAC_DESIGNED_FOR_IPHONE_IPAD = NO;
				SUPPORTS_XR_DESIGNED_FOR_IPHONE_IPAD = NO;
				SWIFT_EMIT_LOC_STRINGS = YES;
				SWIFT_VERSION = 5.0;
				TARGETED_DEVICE_FAMILY = 1;
			};
			name = Debug;
		};
		88A398AA2CC8B25600EFED0D /* Release */ = {
			isa = XCBuildConfiguration;
			buildSettings = {
				ASSETCATALOG_COMPILER_APPICON_NAME = AppIcon;
				ASSETCATALOG_COMPILER_GLOBAL_ACCENT_COLOR_NAME = AccentColor;
				CODE_SIGN_STYLE = Automatic;
				CURRENT_PROJECT_VERSION = 1;
				DEVELOPMENT_TEAM = 6ZWU3ZJ8BG;
				GENERATE_INFOPLIST_FILE = YES;
				INFOPLIST_FILE = Weather/Info.plist;
				INFOPLIST_KEY_CFBundleDisplayName = "홍정민";
				INFOPLIST_KEY_UIApplicationSupportsIndirectInputEvents = YES;
				INFOPLIST_KEY_UILaunchStoryboardName = LaunchScreen;
				INFOPLIST_KEY_UISupportedInterfaceOrientations = UIInterfaceOrientationPortrait;
				INFOPLIST_KEY_UISupportedInterfaceOrientations_iPad = UIInterfaceOrientationPortrait;
				IPHONEOS_DEPLOYMENT_TARGET = 16.0;
				LD_RUNPATH_SEARCH_PATHS = (
					"$(inherited)",
					"@executable_path/Frameworks",
				);
				MARKETING_VERSION = 1.0;
				PRODUCT_BUNDLE_IDENTIFIER = com.jm.Weather;
				PRODUCT_NAME = "$(TARGET_NAME)";
				SUPPORTED_PLATFORMS = "iphoneos iphonesimulator";
				SUPPORTS_MACCATALYST = NO;
				SUPPORTS_MAC_DESIGNED_FOR_IPHONE_IPAD = NO;
				SUPPORTS_XR_DESIGNED_FOR_IPHONE_IPAD = NO;
				SWIFT_EMIT_LOC_STRINGS = YES;
				SWIFT_VERSION = 5.0;
				TARGETED_DEVICE_FAMILY = 1;
			};
			name = Release;
		};
/* End XCBuildConfiguration section */

/* Begin XCConfigurationList section */
		88A3988F2CC8B25500EFED0D /* Build configuration list for PBXProject "Weather" */ = {
			isa = XCConfigurationList;
			buildConfigurations = (
				88A398A62CC8B25600EFED0D /* Debug */,
				88A398A72CC8B25600EFED0D /* Release */,
			);
			defaultConfigurationIsVisible = 0;
			defaultConfigurationName = Release;
		};
		88A398A82CC8B25600EFED0D /* Build configuration list for PBXNativeTarget "Weather" */ = {
			isa = XCConfigurationList;
			buildConfigurations = (
				88A398A92CC8B25600EFED0D /* Debug */,
				88A398AA2CC8B25600EFED0D /* Release */,
			);
			defaultConfigurationIsVisible = 0;
			defaultConfigurationName = Release;
		};
/* End XCConfigurationList section */

/* Begin XCRemoteSwiftPackageReference section */
		884021A92CC9EB1100155DE8 /* XCRemoteSwiftPackageReference "RxDataSources" */ = {
			isa = XCRemoteSwiftPackageReference;
			repositoryURL = "https://github.com/RxSwiftCommunity/RxDataSources.git";
			requirement = {
				kind = upToNextMajorVersion;
				minimumVersion = 5.0.2;
			};
		};
		88A398BD2CC8E7F200EFED0D /* XCRemoteSwiftPackageReference "Alamofire" */ = {
			isa = XCRemoteSwiftPackageReference;
			repositoryURL = "https://github.com/Alamofire/Alamofire.git";
			requirement = {
				kind = upToNextMajorVersion;
				minimumVersion = 5.10.1;
			};
		};
		88A398C52CC8E80C00EFED0D /* XCRemoteSwiftPackageReference "SnapKit" */ = {
			isa = XCRemoteSwiftPackageReference;
			repositoryURL = "https://github.com/SnapKit/SnapKit.git";
			requirement = {
				kind = upToNextMajorVersion;
				minimumVersion = 5.7.1;
			};
		};
		88A398D52CC90D2200EFED0D /* XCRemoteSwiftPackageReference "RxSwift" */ = {
			isa = XCRemoteSwiftPackageReference;
			repositoryURL = "https://github.com/ReactiveX/RxSwift.git";
			requirement = {
				kind = upToNextMajorVersion;
				minimumVersion = 6.8.0;
			};
		};
/* End XCRemoteSwiftPackageReference section */

/* Begin XCSwiftPackageProductDependency section */
		884021AA2CC9EB1100155DE8 /* RxDataSources */ = {
			isa = XCSwiftPackageProductDependency;
			package = 884021A92CC9EB1100155DE8 /* XCRemoteSwiftPackageReference "RxDataSources" */;
			productName = RxDataSources;
		};
		88A398BE2CC8E7F200EFED0D /* Alamofire */ = {
			isa = XCSwiftPackageProductDependency;
			package = 88A398BD2CC8E7F200EFED0D /* XCRemoteSwiftPackageReference "Alamofire" */;
			productName = Alamofire;
		};
		88A398C62CC8E80C00EFED0D /* SnapKit */ = {
			isa = XCSwiftPackageProductDependency;
			package = 88A398C52CC8E80C00EFED0D /* XCRemoteSwiftPackageReference "SnapKit" */;
			productName = SnapKit;
		};
		88A398D62CC90D2200EFED0D /* RxCocoa */ = {
			isa = XCSwiftPackageProductDependency;
			package = 88A398D52CC90D2200EFED0D /* XCRemoteSwiftPackageReference "RxSwift" */;
			productName = RxCocoa;
		};
		88A398D82CC90D2200EFED0D /* RxSwift */ = {
			isa = XCSwiftPackageProductDependency;
			package = 88A398D52CC90D2200EFED0D /* XCRemoteSwiftPackageReference "RxSwift" */;
			productName = RxSwift;
		};
/* End XCSwiftPackageProductDependency section */
	};
	rootObject = 88A3988C2CC8B25500EFED0D /* Project object */;
}
